
Microsoft Visual Studio Solution File, Format Version 12.00
# Visual Studio Version 16
VisualStudioVersion = 16.0.30225.117
MinimumVisualStudioVersion = 10.0.40219.1
Project("{FAE04EC0-301F-11D3-BF4B-00C04F79EFBC}") = "drive_monitor", "drive_monitor\drive_monitor.csproj", "{2B575739-3921-462B-9F69-5D2A732C26D4}"
EndProject
Global
	GlobalSection(SolutionConfigurationPlatforms) = preSolution
		Debug|Any CPU = Debug|Any CPU
		Release|Any CPU = Release|Any CPU
	EndGlobalSection
	GlobalSection(ProjectConfigurationPlatforms) = postSolution
		{2B575739-3921-462B-9F69-5D2A732C26D4}.Debug|Any CPU.ActiveCfg = Debug|Any CPU
		{2B575739-3921-462B-9F69-5D2A732C26D4}.Debug|Any CPU.Build.0 = Debug|Any CPU
		{2B575739-3921-462B-9F69-5D2A732C26D4}.Release|Any CPU.ActiveCfg = Release|Any CPU
		{2B575739-3921-462B-9F69-5D2A732C26D4}.Release|Any CPU.Build.0 = Release|Any CPU
	EndGlobalSection
	GlobalSection(SolutionProperties) = preSolution
		HideSolutionNode = FALSE
	EndGlobalSection
	GlobalSection(ExtensibilityGlobals) = postSolution
		SolutionGuid = {484393DB-0A94-4E4E-AFAA-58D4C33C6824}
	EndGlobalSection
EndGlobal
